
Microsoft Visual Studio Solution File, Format Version 12.00
# Visual Studio Version 17
VisualStudioVersion = 17.7.34202.233
MinimumVisualStudioVersion = 10.0.40219.1
Project("{8BC9CEB8-8B4A-11D0-8D11-00A0C91BC942}") = "lab", "lab.vcxproj", "{0EEB5F58-6A8A-4E5C-B3A1-BCFCD108657D}"
EndProject
Global
	GlobalSection(SolutionConfigurationPlatforms) = preSolution
		Debug|x64 = Debug|x64
		Debug|x86 = Debug|x86
		Release|x64 = Release|x64
		Release|x86 = Release|x86
	EndGlobalSection
	GlobalSection(ProjectConfigurationPlatforms) = postSolution
		{0EEB5F58-6A8A-4E5C-B3A1-BCFCD108657D}.Debug|x64.ActiveCfg = Debug|x64
		{0EEB5F58-6A8A-4E5C-B3A1-BCFCD108657D}.Debug|x64.Build.0 = Debug|x64
		{0EEB5F58-6A8A-4E5C-B3A1-BCFCD108657D}.Debug|x86.ActiveCfg = Debug|Win32
		{0EEB5F58-6A8A-4E5C-B3A1-BCFCD108657D}.Debug|x86.Build.0 = Debug|Win32
		{0EEB5F58-6A8A-4E5C-B3A1-BCFCD108657D}.Release|x64.ActiveCfg = Release|x64
		{0EEB5F58-6A8A-4E5C-B3A1-BCFCD108657D}.Release|x64.Build.0 = Release|x64
		{0EEB5F58-6A8A-4E5C-B3A1-BCFCD108657D}.Release|x86.ActiveCfg = Release|Win32
		{0EEB5F58-6A8A-4E5C-B3A1-BCFCD108657D}.Release|x86.Build.0 = Release|Win32
	EndGlobalSection
	GlobalSection(SolutionProperties) = preSolution
		HideSolutionNode = FALSE
	EndGlobalSection
	GlobalSection(ExtensibilityGlobals) = postSolution
		SolutionGuid = {942D373A-C338-4900-B97B-C50F5CD7DB15}
	EndGlobalSection
EndGlobal
